{
  "name": "trisynaptic",
  "version": "0.0.1",
  "lockfileVersion": 1,
  "requires": true,
  "dependencies": {
    "esbuild": {
      "version": "0.1.15",
      "resolved": "https://registry.npmjs.org/esbuild/-/esbuild-0.1.15.tgz",
      "integrity": "sha512-VNnc+oFBqx7YF8XAs/cPWUL/inz6YDJlOAaFfnxZ03SdDnMfU4hUMq8qXHTf5Hm2kvJSg6mmJfIuwoWRP0F40g=="
    },
    "prettier": {
      "version": "2.0.5",
      "resolved": "https://registry.npmjs.org/prettier/-/prettier-2.0.5.tgz",
      "integrity": "sha512-7PtVymN48hGcO4fGjybyBSIWDsLU4H4XlvOHfq91pz9kkGlonzwTfYkaIEwiRg/dAJF9YlbsduBAgtYLi+8cFg=="
    },
    "stats.js": {
      "version": "0.17.0",
      "resolved": "https://registry.npmjs.org/stats.js/-/stats.js-0.17.0.tgz",
      "integrity": "sha1-scPcRtlEmLV4t/05hbgaznExzH0="
    }
  }
}
